
Microsoft Visual Studio Solution File, Format Version 12.00
# Visual Studio Version 17
VisualStudioVersion = 17.5.002.0
MinimumVisualStudioVersion = 10.0.40219.1
Project("{9A19103F-16F7-4668-BE54-9A1E7A4F7556}") = "PlaywrightTests", "PlaywrightTests\PlaywrightTests.csproj", "{F5F776B0-93EF-4462-9E63-8CA59421A0C3}"
EndProject
Project("{2150E333-8FDC-42A3-9474-1A3956D46DE8}") = "PlaywrightTests (1)", "PlaywrightTests", "{18A25ADD-4866-4175-B8A4-CC82C2C57F1B}"
EndProject
Project("{9A19103F-16F7-4668-BE54-9A1E7A4F7556}") = "PlaywrightTests", "PlaywrightTests\PlaywrightTests\PlaywrightTests.csproj", "{76690279-9998-4D04-8571-64B652ECB989}"
EndProject
Global
	GlobalSection(SolutionConfigurationPlatforms) = preSolution
		Debug|Any CPU = Debug|Any CPU
		Release|Any CPU = Release|Any CPU
	EndGlobalSection
	GlobalSection(ProjectConfigurationPlatforms) = postSolution
		{F5F776B0-93EF-4462-9E63-8CA59421A0C3}.Debug|Any CPU.ActiveCfg = Debug|Any CPU
		{F5F776B0-93EF-4462-9E63-8CA59421A0C3}.Debug|Any CPU.Build.0 = Debug|Any CPU
		{F5F776B0-93EF-4462-9E63-8CA59421A0C3}.Release|Any CPU.ActiveCfg = Release|Any CPU
		{F5F776B0-93EF-4462-9E63-8CA59421A0C3}.Release|Any CPU.Build.0 = Release|Any CPU
		{76690279-9998-4D04-8571-64B652ECB989}.Debug|Any CPU.ActiveCfg = Debug|Any CPU
		{76690279-9998-4D04-8571-64B652ECB989}.Debug|Any CPU.Build.0 = Debug|Any CPU
		{76690279-9998-4D04-8571-64B652ECB989}.Release|Any CPU.ActiveCfg = Release|Any CPU
		{76690279-9998-4D04-8571-64B652ECB989}.Release|Any CPU.Build.0 = Release|Any CPU
	EndGlobalSection
	GlobalSection(SolutionProperties) = preSolution
		HideSolutionNode = FALSE
	EndGlobalSection
	GlobalSection(NestedProjects) = preSolution
		{76690279-9998-4D04-8571-64B652ECB989} = {18A25ADD-4866-4175-B8A4-CC82C2C57F1B}
	EndGlobalSection
	GlobalSection(ExtensibilityGlobals) = postSolution
		SolutionGuid = {492BBDFE-C8B9-490C-88D8-45261EBA529B}
	EndGlobalSection
EndGlobal
